
Microsoft Visual Studio Solution File, Format Version 12.00
# Visual Studio 14
VisualStudioVersion = 14.0.24720.0
MinimumVisualStudioVersion = 10.0.40219.1
Project("{8BC9CEB8-8B4A-11D0-8D11-00A0C91BC942}") = "elm6208Engine", "elm6208Engine\elm6208Engine.vcxproj", "{1C9E874E-B230-4C7D-A6D1-7D6279FCD052}"
EndProject
Global
	GlobalSection(SolutionConfigurationPlatforms) = preSolution
		Debug|x64 = Debug|x64
		Debug|x86 = Debug|x86
		Release|x64 = Release|x64
		Release|x86 = Release|x86
	EndGlobalSection
	GlobalSection(ProjectConfigurationPlatforms) = postSolution
		{1C9E874E-B230-4C7D-A6D1-7D6279FCD052}.Debug|x64.ActiveCfg = Debug|x64
		{1C9E874E-B230-4C7D-A6D1-7D6279FCD052}.Debug|x64.Build.0 = Debug|x64
		{1C9E874E-B230-4C7D-A6D1-7D6279FCD052}.Debug|x86.ActiveCfg = Debug|Win32
		{1C9E874E-B230-4C7D-A6D1-7D6279FCD052}.Debug|x86.Build.0 = Debug|Win32
		{1C9E874E-B230-4C7D-A6D1-7D6279FCD052}.Release|x64.ActiveCfg = Release|x64
		{1C9E874E-B230-4C7D-A6D1-7D6279FCD052}.Release|x64.Build.0 = Release|x64
		{1C9E874E-B230-4C7D-A6D1-7D6279FCD052}.Release|x86.ActiveCfg = Release|Win32
		{1C9E874E-B230-4C7D-A6D1-7D6279FCD052}.Release|x86.Build.0 = Release|Win32
	EndGlobalSection
	GlobalSection(SolutionProperties) = preSolution
		HideSolutionNode = FALSE
	EndGlobalSection
EndGlobal
